
Microsoft Visual Studio Solution File, Format Version 12.00
# Visual Studio 15
VisualStudioVersion = 15.0.26403.7
MinimumVisualStudioVersion = 10.0.40219.1
Project("{FAE04EC0-301F-11D3-BF4B-00C04F79EFBC}") = "Pluto", "Pluto\Pluto.csproj", "{E0D9D2FE-2419-4D8D-BB31-302E8CC936B8}"
EndProject
Global
	GlobalSection(SolutionConfigurationPlatforms) = preSolution
		Debug|Any CPU = Debug|Any CPU
		Release|Any CPU = Release|Any CPU
	EndGlobalSection
	GlobalSection(ProjectConfigurationPlatforms) = postSolution
		{E0D9D2FE-2419-4D8D-BB31-302E8CC936B8}.Debug|Any CPU.ActiveCfg = Debug|Any CPU
		{E0D9D2FE-2419-4D8D-BB31-302E8CC936B8}.Debug|Any CPU.Build.0 = Debug|Any CPU
		{E0D9D2FE-2419-4D8D-BB31-302E8CC936B8}.Release|Any CPU.ActiveCfg = Release|Any CPU
		{E0D9D2FE-2419-4D8D-BB31-302E8CC936B8}.Release|Any CPU.Build.0 = Release|Any CPU
	EndGlobalSection
	GlobalSection(SolutionProperties) = preSolution
		HideSolutionNode = FALSE
	EndGlobalSection
EndGlobal
